
Microsoft Visual Studio Solution File, Format Version 12.00
# Visual Studio Version 17
VisualStudioVersion = 17.5.002.0
MinimumVisualStudioVersion = 10.0.40219.1
Project("{9A19103F-16F7-4668-BE54-9A1E7A4F7556}") = "RazorPagesMovie", "RazorPagesMovie\RazorPagesMovie.csproj", "{CE972CC1-2CC6-444D-AA87-0D396C865319}"
EndProject
Global
	GlobalSection(SolutionConfigurationPlatforms) = preSolution
		Debug|Any CPU = Debug|Any CPU
		Release|Any CPU = Release|Any CPU
	EndGlobalSection
	GlobalSection(ProjectConfigurationPlatforms) = postSolution
		{CE972CC1-2CC6-444D-AA87-0D396C865319}.Debug|Any CPU.ActiveCfg = Debug|Any CPU
		{CE972CC1-2CC6-444D-AA87-0D396C865319}.Debug|Any CPU.Build.0 = Debug|Any CPU
		{CE972CC1-2CC6-444D-AA87-0D396C865319}.Release|Any CPU.ActiveCfg = Release|Any CPU
		{CE972CC1-2CC6-444D-AA87-0D396C865319}.Release|Any CPU.Build.0 = Release|Any CPU
	EndGlobalSection
	GlobalSection(SolutionProperties) = preSolution
		HideSolutionNode = FALSE
	EndGlobalSection
	GlobalSection(ExtensibilityGlobals) = postSolution
		SolutionGuid = {0A6B63C7-5203-45B0-947F-AACC6A0BB634}
	EndGlobalSection
EndGlobal
